// !$*UTF8*$!
{
	archiveVersion = 1;
	classes = {
	};
	objectVersion = 56;
	objects = {

/* Begin PBXBuildFile section */
		B60D7AC42AA27A2700E9114F /* GlobalConstants.swift in Sources */ = {isa = PBXBuildFile; fileRef = B60D7AC32AA27A2700E9114F /* GlobalConstants.swift */; };
		B623AE6E2A964215007440A3 /* MainViewModel.swift in Sources */ = {isa = PBXBuildFile; fileRef = B623AE6D2A964215007440A3 /* MainViewModel.swift */; };
		B63E30182A9A7FED00CB1458 /* DetailViewController.swift in Sources */ = {isa = PBXBuildFile; fileRef = B63E30172A9A7FED00CB1458 /* DetailViewController.swift */; };
		B63E301A2A9A93D500CB1458 /* ExtendedMovieModel.swift in Sources */ = {isa = PBXBuildFile; fileRef = B63E30192A9A93D500CB1458 /* ExtendedMovieModel.swift */; };
		B651764A2B35B318005F2DFE /* Genre.swift in Sources */ = {isa = PBXBuildFile; fileRef = B65176492B35B318005F2DFE /* Genre.swift */; };
		B66571962A9E248700CDFF2E /* SnapKit-Dynamic in Frameworks */ = {isa = PBXBuildFile; productRef = B66571952A9E248700CDFF2E /* SnapKit-Dynamic */; };
		B66E25092B34DA3A00D3DA71 /* SearchViewModel.swift in Sources */ = {isa = PBXBuildFile; fileRef = B66E25082B34DA3A00D3DA71 /* SearchViewModel.swift */; };
		B6711AED2B2E52D100171C4D /* MovieListsContainerCell.swift in Sources */ = {isa = PBXBuildFile; fileRef = B6711AEC2B2E52D100171C4D /* MovieListsContainerCell.swift */; };
		B6711AEF2B2E533800171C4D /* TagFlowLayout.swift in Sources */ = {isa = PBXBuildFile; fileRef = B6711AEE2B2E533800171C4D /* TagFlowLayout.swift */; };
		B6711AF12B2E537E00171C4D /* TagCollectionViewCell.swift in Sources */ = {isa = PBXBuildFile; fileRef = B6711AF02B2E537E00171C4D /* TagCollectionViewCell.swift */; };
		B6711AF32B2E54CA00171C4D /* MovieListsSectionTitle.swift in Sources */ = {isa = PBXBuildFile; fileRef = B6711AF22B2E54CA00171C4D /* MovieListsSectionTitle.swift */; };
		B6711AF52B2E555C00171C4D /* CustomTextField.swift in Sources */ = {isa = PBXBuildFile; fileRef = B6711AF42B2E555C00171C4D /* CustomTextField.swift */; };
		B6711AF72B2E55CD00171C4D /* MoviesSectionTitle.swift in Sources */ = {isa = PBXBuildFile; fileRef = B6711AF62B2E55CD00171C4D /* MoviesSectionTitle.swift */; };
		B6711AF92B2E567F00171C4D /* DefaultCollectionViewCell.swift in Sources */ = {isa = PBXBuildFile; fileRef = B6711AF82B2E567F00171C4D /* DefaultCollectionViewCell.swift */; };
		B6711AFB2B2E56E000171C4D /* MovieCollectionViewCell.swift in Sources */ = {isa = PBXBuildFile; fileRef = B6711AFA2B2E56E000171C4D /* MovieCollectionViewCell.swift */; };
		B6711AFD2B2E586B00171C4D /* UIImage+Extension.swift in Sources */ = {isa = PBXBuildFile; fileRef = B6711AFC2B2E586B00171C4D /* UIImage+Extension.swift */; };
		B67421442A9507AB00380ABF /* SearchViewController.swift in Sources */ = {isa = PBXBuildFile; fileRef = B67421432A9507AB00380ABF /* SearchViewController.swift */; };
		B67421462A9507C500380ABF /* MovieListsViewController.swift in Sources */ = {isa = PBXBuildFile; fileRef = B67421452A9507C500380ABF /* MovieListsViewController.swift */; };
		B674214B2A95246700380ABF /* NetworkManager.swift in Sources */ = {isa = PBXBuildFile; fileRef = B674214A2A95246700380ABF /* NetworkManager.swift */; };
		B674214D2A9524CC00380ABF /* MovieModel.swift in Sources */ = {isa = PBXBuildFile; fileRef = B674214C2A9524CC00380ABF /* MovieModel.swift */; };
		B674214F2A95336B00380ABF /* MainCollectionViewCell.swift in Sources */ = {isa = PBXBuildFile; fileRef = B674214E2A95336B00380ABF /* MainCollectionViewCell.swift */; };
		B6760E7B2AA4F5C500C3554D /* Movie+CoreDataClass.swift in Sources */ = {isa = PBXBuildFile; fileRef = B6760E792AA4F5C500C3554D /* Movie+CoreDataClass.swift */; };
		B6760E7C2AA4F5C500C3554D /* Movie+CoreDataProperties.swift in Sources */ = {isa = PBXBuildFile; fileRef = B6760E7A2AA4F5C500C3554D /* Movie+CoreDataProperties.swift */; };
		B6760E7F2AA4FE0F00C3554D /* CoreDataManager.swift in Sources */ = {isa = PBXBuildFile; fileRef = B6760E7E2AA4FE0F00C3554D /* CoreDataManager.swift */; };
		B677B5412B30A63E00672B11 /* TransitionManager.swift in Sources */ = {isa = PBXBuildFile; fileRef = B677B5402B30A63D00672B11 /* TransitionManager.swift */; };
		B677B5432B30A6D800672B11 /* UIWindow+Extension.swift in Sources */ = {isa = PBXBuildFile; fileRef = B677B5422B30A6D800672B11 /* UIWindow+Extension.swift */; };
		B679E0DE2A95036B00452F89 /* TabBarViewController.swift in Sources */ = {isa = PBXBuildFile; fileRef = B679E0DD2A95036B00452F89 /* TabBarViewController.swift */; };
		B67A80882B2B0A4C00D95358 /* MovieList+CoreDataClass.swift in Sources */ = {isa = PBXBuildFile; fileRef = B67A80862B2B0A4C00D95358 /* MovieList+CoreDataClass.swift */; };
		B67A80892B2B0A4C00D95358 /* MovieList+CoreDataProperties.swift in Sources */ = {isa = PBXBuildFile; fileRef = B67A80872B2B0A4C00D95358 /* MovieList+CoreDataProperties.swift */; };
		B67B21D32B362EE500D08D7B /* EmptyDataCollectionViewCell.swift in Sources */ = {isa = PBXBuildFile; fileRef = B67B21D22B362EE500D08D7B /* EmptyDataCollectionViewCell.swift */; };
		B67B21D52B37255B00D08D7B /* PrimaryLanguage.swift in Sources */ = {isa = PBXBuildFile; fileRef = B67B21D42B37255B00D08D7B /* PrimaryLanguage.swift */; };
		B67B21D72B372DC900D08D7B /* Decade.swift in Sources */ = {isa = PBXBuildFile; fileRef = B67B21D62B372DC900D08D7B /* Decade.swift */; };
		B67BA2FB2B31EEDD000E2823 /* GenreCollectionViewCell.swift in Sources */ = {isa = PBXBuildFile; fileRef = B67BA2FA2B31EEDD000E2823 /* GenreCollectionViewCell.swift */; };
		B67BA2FD2B320C59000E2823 /* AdvancedSearchViewController.swift in Sources */ = {isa = PBXBuildFile; fileRef = B67BA2FC2B320C59000E2823 /* AdvancedSearchViewController.swift */; };
		B67EB18B2B3991B500D1EE82 /* SearchMovieModel.swift in Sources */ = {isa = PBXBuildFile; fileRef = B67EB18A2B3991B500D1EE82 /* SearchMovieModel.swift */; };
		B67F32542A9766BD00C82501 /* TitleSupplementaryView.swift in Sources */ = {isa = PBXBuildFile; fileRef = B67F32532A9766BD00C82501 /* TitleSupplementaryView.swift */; };
		B67FCFB32A9D1FF300C56823 /* DetailViewModel.swift in Sources */ = {isa = PBXBuildFile; fileRef = B67FCFB22A9D1FF300C56823 /* DetailViewModel.swift */; };
		B680D9042A9B97E600F95797 /* MovieTrailersModel.swift in Sources */ = {isa = PBXBuildFile; fileRef = B680D9032A9B97E600F95797 /* MovieTrailersModel.swift */; };
		B680D9062A9B97F400F95797 /* MovieReviewsModel.swift in Sources */ = {isa = PBXBuildFile; fileRef = B680D9052A9B97F400F95797 /* MovieReviewsModel.swift */; };
		B680D90A2A9B9A2800F95797 /* DetailCollectionViewCell.swift in Sources */ = {isa = PBXBuildFile; fileRef = B680D9092A9B9A2800F95797 /* DetailCollectionViewCell.swift */; };
		B680D90C2A9BE3D000F95797 /* OverviewCollectionViewCell.swift in Sources */ = {isa = PBXBuildFile; fileRef = B680D90B2A9BE3D000F95797 /* OverviewCollectionViewCell.swift */; };
		B680D90E2A9BE3DE00F95797 /* CastCollectionViewCell.swift in Sources */ = {isa = PBXBuildFile; fileRef = B680D90D2A9BE3DE00F95797 /* CastCollectionViewCell.swift */; };
		B680D9102A9BE3F000F95797 /* TrailerCollectionViewCell.swift in Sources */ = {isa = PBXBuildFile; fileRef = B680D90F2A9BE3F000F95797 /* TrailerCollectionViewCell.swift */; };
		B680D9122A9BE3FE00F95797 /* CommentCollectionViewCell.swift in Sources */ = {isa = PBXBuildFile; fileRef = B680D9112A9BE3FE00F95797 /* CommentCollectionViewCell.swift */; };
		B680D9142A9BE67100F95797 /* MovieCastModel.swift in Sources */ = {isa = PBXBuildFile; fileRef = B680D9132A9BE67100F95797 /* MovieCastModel.swift */; };
		B683FEE82B2E4CD9003BA08A /* RxCocoa in Frameworks */ = {isa = PBXBuildFile; productRef = B683FEE72B2E4CD9003BA08A /* RxCocoa */; };
		B683FEEA2B2E4CD9003BA08A /* RxRelay in Frameworks */ = {isa = PBXBuildFile; productRef = B683FEE92B2E4CD9003BA08A /* RxRelay */; };
		B683FEEC2B2E4CD9003BA08A /* RxSwift in Frameworks */ = {isa = PBXBuildFile; productRef = B683FEEB2B2E4CD9003BA08A /* RxSwift */; };
		B68614CC2A98FC710074F3F4 /* CacheManager.swift in Sources */ = {isa = PBXBuildFile; fileRef = B68614CB2A98FC710074F3F4 /* CacheManager.swift */; };
		B69F81402B2F76F2003BCBDF /* ListsViewController.swift in Sources */ = {isa = PBXBuildFile; fileRef = B69F813F2B2F76F2003BCBDF /* ListsViewController.swift */; };
		B69F81422B2F7771003BCBDF /* ListTableViewCell.swift in Sources */ = {isa = PBXBuildFile; fileRef = B69F81412B2F7771003BCBDF /* ListTableViewCell.swift */; };
		B69F81442B2F7B9C003BCBDF /* PopUpWindow.swift in Sources */ = {isa = PBXBuildFile; fileRef = B69F81432B2F7B9C003BCBDF /* PopUpWindow.swift */; };
		B69F81462B2F91A6003BCBDF /* CustomTabItem.swift in Sources */ = {isa = PBXBuildFile; fileRef = B69F81452B2F91A6003BCBDF /* CustomTabItem.swift */; };
		B69F81482B2F91B1003BCBDF /* CustomItemView.swift in Sources */ = {isa = PBXBuildFile; fileRef = B69F81472B2F91B1003BCBDF /* CustomItemView.swift */; };
		B69F814A2B2F91BD003BCBDF /* CustomTabBar.swift in Sources */ = {isa = PBXBuildFile; fileRef = B69F81492B2F91BD003BCBDF /* CustomTabBar.swift */; };
		B69F814D2B2F93B7003BCBDF /* RxGesture in Frameworks */ = {isa = PBXBuildFile; productRef = B69F814C2B2F93B7003BCBDF /* RxGesture */; };
		B69F814F2B2F942A003BCBDF /* UIView+Extension.swift in Sources */ = {isa = PBXBuildFile; fileRef = B69F814E2B2F942A003BCBDF /* UIView+Extension.swift */; };
		B6B848E22AA4B605001BDA97 /* MoviesApp.xcdatamodeld in Sources */ = {isa = PBXBuildFile; fileRef = B6B848E02AA4B605001BDA97 /* MoviesApp.xcdatamodeld */; };
		B6EF893A2A89623A00CA5C44 /* AppDelegate.swift in Sources */ = {isa = PBXBuildFile; fileRef = B6EF89392A89623A00CA5C44 /* AppDelegate.swift */; };
		B6EF893C2A89623A00CA5C44 /* SceneDelegate.swift in Sources */ = {isa = PBXBuildFile; fileRef = B6EF893B2A89623A00CA5C44 /* SceneDelegate.swift */; };
		B6EF893E2A89623A00CA5C44 /* MainViewController.swift in Sources */ = {isa = PBXBuildFile; fileRef = B6EF893D2A89623A00CA5C44 /* MainViewController.swift */; };
		B6EF89432A89623F00CA5C44 /* Assets.xcassets in Resources */ = {isa = PBXBuildFile; fileRef = B6EF89422A89623F00CA5C44 /* Assets.xcassets */; };
		B6EF89462A89623F00CA5C44 /* LaunchScreen.storyboard in Resources */ = {isa = PBXBuildFile; fileRef = B6EF89442A89623F00CA5C44 /* LaunchScreen.storyboard */; };
/* End PBXBuildFile section */

/* Begin PBXFileReference section */
		B60D7AC32AA27A2700E9114F /* GlobalConstants.swift */ = {isa = PBXFileReference; lastKnownFileType = sourcecode.swift; path = GlobalConstants.swift; sourceTree = "<group>"; };
		B623AE6D2A964215007440A3 /* MainViewModel.swift */ = {isa = PBXFileReference; lastKnownFileType = sourcecode.swift; path = MainViewModel.swift; sourceTree = "<group>"; };
		B63E30172A9A7FED00CB1458 /* DetailViewController.swift */ = {isa = PBXFileReference; lastKnownFileType = sourcecode.swift; path = DetailViewController.swift; sourceTree = "<group>"; };
		B63E30192A9A93D500CB1458 /* ExtendedMovieModel.swift */ = {isa = PBXFileReference; lastKnownFileType = sourcecode.swift; path = ExtendedMovieModel.swift; sourceTree = "<group>"; };
		B65176492B35B318005F2DFE /* Genre.swift */ = {isa = PBXFileReference; lastKnownFileType = sourcecode.swift; path = Genre.swift; sourceTree = "<group>"; };
		B66E25082B34DA3A00D3DA71 /* SearchViewModel.swift */ = {isa = PBXFileReference; lastKnownFileType = sourcecode.swift; path = SearchViewModel.swift; sourceTree = "<group>"; };
		B6711AEC2B2E52D100171C4D /* MovieListsContainerCell.swift */ = {isa = PBXFileReference; lastKnownFileType = sourcecode.swift; path = MovieListsContainerCell.swift; sourceTree = "<group>"; };
		B6711AEE2B2E533800171C4D /* TagFlowLayout.swift */ = {isa = PBXFileReference; lastKnownFileType = sourcecode.swift; path = TagFlowLayout.swift; sourceTree = "<group>"; };
		B6711AF02B2E537E00171C4D /* TagCollectionViewCell.swift */ = {isa = PBXFileReference; lastKnownFileType = sourcecode.swift; path = TagCollectionViewCell.swift; sourceTree = "<group>"; };
		B6711AF22B2E54CA00171C4D /* MovieListsSectionTitle.swift */ = {isa = PBXFileReference; lastKnownFileType = sourcecode.swift; path = MovieListsSectionTitle.swift; sourceTree = "<group>"; };
		B6711AF42B2E555C00171C4D /* CustomTextField.swift */ = {isa = PBXFileReference; lastKnownFileType = sourcecode.swift; path = CustomTextField.swift; sourceTree = "<group>"; };
		B6711AF62B2E55CD00171C4D /* MoviesSectionTitle.swift */ = {isa = PBXFileReference; lastKnownFileType = sourcecode.swift; path = MoviesSectionTitle.swift; sourceTree = "<group>"; };
		B6711AF82B2E567F00171C4D /* DefaultCollectionViewCell.swift */ = {isa = PBXFileReference; lastKnownFileType = sourcecode.swift; path = DefaultCollectionViewCell.swift; sourceTree = "<group>"; };
		B6711AFA2B2E56E000171C4D /* MovieCollectionViewCell.swift */ = {isa = PBXFileReference; lastKnownFileType = sourcecode.swift; path = MovieCollectionViewCell.swift; sourceTree = "<group>"; };
		B6711AFC2B2E586B00171C4D /* UIImage+Extension.swift */ = {isa = PBXFileReference; lastKnownFileType = sourcecode.swift; path = "UIImage+Extension.swift"; sourceTree = "<group>"; };
		B67421432A9507AB00380ABF /* SearchViewController.swift */ = {isa = PBXFileReference; lastKnownFileType = sourcecode.swift; path = SearchViewController.swift; sourceTree = "<group>"; };
		B67421452A9507C500380ABF /* MovieListsViewController.swift */ = {isa = PBXFileReference; lastKnownFileType = sourcecode.swift; path = MovieListsViewController.swift; sourceTree = "<group>"; };
		B674214A2A95246700380ABF /* NetworkManager.swift */ = {isa = PBXFileReference; lastKnownFileType = sourcecode.swift; path = NetworkManager.swift; sourceTree = "<group>"; };
		B674214C2A9524CC00380ABF /* MovieModel.swift */ = {isa = PBXFileReference; lastKnownFileType = sourcecode.swift; path = MovieModel.swift; sourceTree = "<group>"; };
		B674214E2A95336B00380ABF /* MainCollectionViewCell.swift */ = {isa = PBXFileReference; lastKnownFileType = sourcecode.swift; path = MainCollectionViewCell.swift; sourceTree = "<group>"; };
		B6760E792AA4F5C500C3554D /* Movie+CoreDataClass.swift */ = {isa = PBXFileReference; lastKnownFileType = sourcecode.swift; path = "Movie+CoreDataClass.swift"; sourceTree = "<group>"; };
		B6760E7A2AA4F5C500C3554D /* Movie+CoreDataProperties.swift */ = {isa = PBXFileReference; lastKnownFileType = sourcecode.swift; path = "Movie+CoreDataProperties.swift"; sourceTree = "<group>"; };
		B6760E7E2AA4FE0F00C3554D /* CoreDataManager.swift */ = {isa = PBXFileReference; lastKnownFileType = sourcecode.swift; path = CoreDataManager.swift; sourceTree = "<group>"; };
		B677B5402B30A63D00672B11 /* TransitionManager.swift */ = {isa = PBXFileReference; lastKnownFileType = sourcecode.swift; path = TransitionManager.swift; sourceTree = "<group>"; };
		B677B5422B30A6D800672B11 /* UIWindow+Extension.swift */ = {isa = PBXFileReference; lastKnownFileType = sourcecode.swift; path = "UIWindow+Extension.swift"; sourceTree = "<group>"; };
		B679E0DD2A95036B00452F89 /* TabBarViewController.swift */ = {isa = PBXFileReference; lastKnownFileType = sourcecode.swift; path = TabBarViewController.swift; sourceTree = "<group>"; };
		B67A80862B2B0A4C00D95358 /* MovieList+CoreDataClass.swift */ = {isa = PBXFileReference; lastKnownFileType = sourcecode.swift; path = "MovieList+CoreDataClass.swift"; sourceTree = "<group>"; };
		B67A80872B2B0A4C00D95358 /* MovieList+CoreDataProperties.swift */ = {isa = PBXFileReference; lastKnownFileType = sourcecode.swift; path = "MovieList+CoreDataProperties.swift"; sourceTree = "<group>"; };
		B67B21D22B362EE500D08D7B /* EmptyDataCollectionViewCell.swift */ = {isa = PBXFileReference; lastKnownFileType = sourcecode.swift; path = EmptyDataCollectionViewCell.swift; sourceTree = "<group>"; };
		B67B21D42B37255B00D08D7B /* PrimaryLanguage.swift */ = {isa = PBXFileReference; lastKnownFileType = sourcecode.swift; path = PrimaryLanguage.swift; sourceTree = "<group>"; };
		B67B21D62B372DC900D08D7B /* Decade.swift */ = {isa = PBXFileReference; lastKnownFileType = sourcecode.swift; path = Decade.swift; sourceTree = "<group>"; };
		B67BA2FA2B31EEDD000E2823 /* GenreCollectionViewCell.swift */ = {isa = PBXFileReference; lastKnownFileType = sourcecode.swift; path = GenreCollectionViewCell.swift; sourceTree = "<group>"; };
		B67BA2FC2B320C59000E2823 /* AdvancedSearchViewController.swift */ = {isa = PBXFileReference; lastKnownFileType = sourcecode.swift; path = AdvancedSearchViewController.swift; sourceTree = "<group>"; };
		B67EB18A2B3991B500D1EE82 /* SearchMovieModel.swift */ = {isa = PBXFileReference; lastKnownFileType = sourcecode.swift; path = SearchMovieModel.swift; sourceTree = "<group>"; };
		B67F32532A9766BD00C82501 /* TitleSupplementaryView.swift */ = {isa = PBXFileReference; lastKnownFileType = sourcecode.swift; path = TitleSupplementaryView.swift; sourceTree = "<group>"; };
		B67FCFB22A9D1FF300C56823 /* DetailViewModel.swift */ = {isa = PBXFileReference; lastKnownFileType = sourcecode.swift; path = DetailViewModel.swift; sourceTree = "<group>"; };
		B680D9032A9B97E600F95797 /* MovieTrailersModel.swift */ = {isa = PBXFileReference; lastKnownFileType = sourcecode.swift; path = MovieTrailersModel.swift; sourceTree = "<group>"; };
		B680D9052A9B97F400F95797 /* MovieReviewsModel.swift */ = {isa = PBXFileReference; lastKnownFileType = sourcecode.swift; path = MovieReviewsModel.swift; sourceTree = "<group>"; };
		B680D9092A9B9A2800F95797 /* DetailCollectionViewCell.swift */ = {isa = PBXFileReference; lastKnownFileType = sourcecode.swift; path = DetailCollectionViewCell.swift; sourceTree = "<group>"; };
		B680D90B2A9BE3D000F95797 /* OverviewCollectionViewCell.swift */ = {isa = PBXFileReference; lastKnownFileType = sourcecode.swift; path = OverviewCollectionViewCell.swift; sourceTree = "<group>"; };
		B680D90D2A9BE3DE00F95797 /* CastCollectionViewCell.swift */ = {isa = PBXFileReference; lastKnownFileType = sourcecode.swift; path = CastCollectionViewCell.swift; sourceTree = "<group>"; };
		B680D90F2A9BE3F000F95797 /* TrailerCollectionViewCell.swift */ = {isa = PBXFileReference; lastKnownFileType = sourcecode.swift; path = TrailerCollectionViewCell.swift; sourceTree = "<group>"; };
		B680D9112A9BE3FE00F95797 /* CommentCollectionViewCell.swift */ = {isa = PBXFileReference; lastKnownFileType = sourcecode.swift; path = CommentCollectionViewCell.swift; sourceTree = "<group>"; };
		B680D9132A9BE67100F95797 /* MovieCastModel.swift */ = {isa = PBXFileReference; lastKnownFileType = sourcecode.swift; path = MovieCastModel.swift; sourceTree = "<group>"; };
		B68614CB2A98FC710074F3F4 /* CacheManager.swift */ = {isa = PBXFileReference; lastKnownFileType = sourcecode.swift; path = CacheManager.swift; sourceTree = "<group>"; };
		B69F813F2B2F76F2003BCBDF /* ListsViewController.swift */ = {isa = PBXFileReference; lastKnownFileType = sourcecode.swift; path = ListsViewController.swift; sourceTree = "<group>"; };
		B69F81412B2F7771003BCBDF /* ListTableViewCell.swift */ = {isa = PBXFileReference; lastKnownFileType = sourcecode.swift; path = ListTableViewCell.swift; sourceTree = "<group>"; };
		B69F81432B2F7B9C003BCBDF /* PopUpWindow.swift */ = {isa = PBXFileReference; lastKnownFileType = sourcecode.swift; path = PopUpWindow.swift; sourceTree = "<group>"; };
		B69F81452B2F91A6003BCBDF /* CustomTabItem.swift */ = {isa = PBXFileReference; lastKnownFileType = sourcecode.swift; path = CustomTabItem.swift; sourceTree = "<group>"; };
		B69F81472B2F91B1003BCBDF /* CustomItemView.swift */ = {isa = PBXFileReference; lastKnownFileType = sourcecode.swift; path = CustomItemView.swift; sourceTree = "<group>"; };
		B69F81492B2F91BD003BCBDF /* CustomTabBar.swift */ = {isa = PBXFileReference; lastKnownFileType = sourcecode.swift; path = CustomTabBar.swift; sourceTree = "<group>"; };
		B69F814E2B2F942A003BCBDF /* UIView+Extension.swift */ = {isa = PBXFileReference; lastKnownFileType = sourcecode.swift; path = "UIView+Extension.swift"; sourceTree = "<group>"; };
		B6B848E12AA4B605001BDA97 /* MoviesApp.xcdatamodel */ = {isa = PBXFileReference; lastKnownFileType = wrapper.xcdatamodel; path = MoviesApp.xcdatamodel; sourceTree = "<group>"; };
		B6EF89362A89623A00CA5C44 /* MoviesApp.app */ = {isa = PBXFileReference; explicitFileType = wrapper.application; includeInIndex = 0; path = MoviesApp.app; sourceTree = BUILT_PRODUCTS_DIR; };
		B6EF89392A89623A00CA5C44 /* AppDelegate.swift */ = {isa = PBXFileReference; lastKnownFileType = sourcecode.swift; path = AppDelegate.swift; sourceTree = "<group>"; };
		B6EF893B2A89623A00CA5C44 /* SceneDelegate.swift */ = {isa = PBXFileReference; lastKnownFileType = sourcecode.swift; path = SceneDelegate.swift; sourceTree = "<group>"; };
		B6EF893D2A89623A00CA5C44 /* MainViewController.swift */ = {isa = PBXFileReference; lastKnownFileType = sourcecode.swift; path = MainViewController.swift; sourceTree = "<group>"; };
		B6EF89422A89623F00CA5C44 /* Assets.xcassets */ = {isa = PBXFileReference; lastKnownFileType = folder.assetcatalog; path = Assets.xcassets; sourceTree = "<group>"; };
		B6EF89452A89623F00CA5C44 /* Base */ = {isa = PBXFileReference; lastKnownFileType = file.storyboard; name = Base; path = Base.lproj/LaunchScreen.storyboard; sourceTree = "<group>"; };
		B6EF89472A89623F00CA5C44 /* Info.plist */ = {isa = PBXFileReference; lastKnownFileType = text.plist.xml; path = Info.plist; sourceTree = "<group>"; };
/* End PBXFileReference section */

/* Begin PBXFrameworksBuildPhase section */
		B6EF89332A89623A00CA5C44 /* Frameworks */ = {
			isa = PBXFrameworksBuildPhase;
			buildActionMask = 2147483647;
			files = (
				B683FEEA2B2E4CD9003BA08A /* RxRelay in Frameworks */,
				B683FEE82B2E4CD9003BA08A /* RxCocoa in Frameworks */,
				B69F814D2B2F93B7003BCBDF /* RxGesture in Frameworks */,
				B683FEEC2B2E4CD9003BA08A /* RxSwift in Frameworks */,
				B66571962A9E248700CDFF2E /* SnapKit-Dynamic in Frameworks */,
			);
			runOnlyForDeploymentPostprocessing = 0;
		};
/* End PBXFrameworksBuildPhase section */

/* Begin PBXGroup section */
		B623AE6F2A967DF8007440A3 /* Utilities */ = {
			isa = PBXGroup;
			children = (
				B60D7AC32AA27A2700E9114F /* GlobalConstants.swift */,
				B6711AFC2B2E586B00171C4D /* UIImage+Extension.swift */,
				B69F814E2B2F942A003BCBDF /* UIView+Extension.swift */,
				B677B5422B30A6D800672B11 /* UIWindow+Extension.swift */,
				B65176492B35B318005F2DFE /* Genre.swift */,
				B67B21D42B37255B00D08D7B /* PrimaryLanguage.swift */,
				B67B21D62B372DC900D08D7B /* Decade.swift */,
			);
			path = Utilities;
			sourceTree = "<group>";
		};
		B6711AEB2B2E52AC00171C4D /* Tags */ = {
			isa = PBXGroup;
			children = (
				B6711AEC2B2E52D100171C4D /* MovieListsContainerCell.swift */,
				B6711AEE2B2E533800171C4D /* TagFlowLayout.swift */,
				B6711AF02B2E537E00171C4D /* TagCollectionViewCell.swift */,
			);
			path = Tags;
			sourceTree = "<group>";
		};
		B6760E7D2AA4FDF000C3554D /* CoreDataModel */ = {
			isa = PBXGroup;
			children = (
				B6760E7A2AA4F5C500C3554D /* Movie+CoreDataProperties.swift */,
				B6760E792AA4F5C500C3554D /* Movie+CoreDataClass.swift */,
				B67A80872B2B0A4C00D95358 /* MovieList+CoreDataProperties.swift */,
				B67A80862B2B0A4C00D95358 /* MovieList+CoreDataClass.swift */,
			);
			path = CoreDataModel;
			sourceTree = "<group>";
		};
		B679E0D72A94FFE800452F89 /* Resources */ = {
			isa = PBXGroup;
			children = (
				B6EF89422A89623F00CA5C44 /* Assets.xcassets */,
				B6EF89392A89623A00CA5C44 /* AppDelegate.swift */,
				B6EF893B2A89623A00CA5C44 /* SceneDelegate.swift */,
			);
			path = Resources;
			sourceTree = "<group>";
		};
		B679E0D82A95010100452F89 /* Models */ = {
			isa = PBXGroup;
			children = (
				B6760E7D2AA4FDF000C3554D /* CoreDataModel */,
				B674214C2A9524CC00380ABF /* MovieModel.swift */,
				B63E30192A9A93D500CB1458 /* ExtendedMovieModel.swift */,
				B67EB18A2B3991B500D1EE82 /* SearchMovieModel.swift */,
				B680D9032A9B97E600F95797 /* MovieTrailersModel.swift */,
				B680D9052A9B97F400F95797 /* MovieReviewsModel.swift */,
				B680D9132A9BE67100F95797 /* MovieCastModel.swift */,
			);
			path = Models;
			sourceTree = "<group>";
		};
		B679E0D92A95010A00452F89 /* Managers */ = {
			isa = PBXGroup;
			children = (
				B674214A2A95246700380ABF /* NetworkManager.swift */,
				B68614CB2A98FC710074F3F4 /* CacheManager.swift */,
				B6760E7E2AA4FE0F00C3554D /* CoreDataManager.swift */,
				B677B5402B30A63D00672B11 /* TransitionManager.swift */,
			);
			path = Managers;
			sourceTree = "<group>";
		};
		B6A7C4382AA395A200DE95D1 /* TapBar */ = {
			isa = PBXGroup;
			children = (
				B679E0DD2A95036B00452F89 /* TabBarViewController.swift */,
				B69F81452B2F91A6003BCBDF /* CustomTabItem.swift */,
				B69F81472B2F91B1003BCBDF /* CustomItemView.swift */,
				B69F81492B2F91BD003BCBDF /* CustomTabBar.swift */,
			);
			path = TapBar;
			sourceTree = "<group>";
		};
		B6A7C4392AA395B200DE95D1 /* DetailView */ = {
			isa = PBXGroup;
			children = (
				B6A7C43C2AA395D900DE95D1 /* ViewModel */,
				B6A7C43B2AA395D000DE95D1 /* Views */,
				B6A7C43A2AA395C000DE95D1 /* Controller */,
			);
			path = DetailView;
			sourceTree = "<group>";
		};
		B6A7C43A2AA395C000DE95D1 /* Controller */ = {
			isa = PBXGroup;
			children = (
				B63E30172A9A7FED00CB1458 /* DetailViewController.swift */,
			);
			path = Controller;
			sourceTree = "<group>";
		};
		B6A7C43B2AA395D000DE95D1 /* Views */ = {
			isa = PBXGroup;
			children = (
				B680D9092A9B9A2800F95797 /* DetailCollectionViewCell.swift */,
				B680D90B2A9BE3D000F95797 /* OverviewCollectionViewCell.swift */,
				B680D90D2A9BE3DE00F95797 /* CastCollectionViewCell.swift */,
				B680D90F2A9BE3F000F95797 /* TrailerCollectionViewCell.swift */,
				B680D9112A9BE3FE00F95797 /* CommentCollectionViewCell.swift */,
			);
			path = Views;
			sourceTree = "<group>";
		};
		B6A7C43C2AA395D900DE95D1 /* ViewModel */ = {
			isa = PBXGroup;
			children = (
				B67FCFB22A9D1FF300C56823 /* DetailViewModel.swift */,
			);
			path = ViewModel;
			sourceTree = "<group>";
		};
		B6A7C43D2AA3962000DE95D1 /* MainView */ = {
			isa = PBXGroup;
			children = (
				B6A7C4402AA3963100DE95D1 /* ViewModel */,
				B6A7C43F2AA3962B00DE95D1 /* Views */,
				B6A7C43E2AA3962500DE95D1 /* Controllers */,
			);
			path = MainView;
			sourceTree = "<group>";
		};
		B6A7C43E2AA3962500DE95D1 /* Controllers */ = {
			isa = PBXGroup;
			children = (
				B6EF893D2A89623A00CA5C44 /* MainViewController.swift */,
				B69F813F2B2F76F2003BCBDF /* ListsViewController.swift */,
			);
			path = Controllers;
			sourceTree = "<group>";
		};
		B6A7C43F2AA3962B00DE95D1 /* Views */ = {
			isa = PBXGroup;
			children = (
				B674214E2A95336B00380ABF /* MainCollectionViewCell.swift */,
				B69F81412B2F7771003BCBDF /* ListTableViewCell.swift */,
				B69F81432B2F7B9C003BCBDF /* PopUpWindow.swift */,
			);
			path = Views;
			sourceTree = "<group>";
		};
		B6A7C4402AA3963100DE95D1 /* ViewModel */ = {
			isa = PBXGroup;
			children = (
				B623AE6D2A964215007440A3 /* MainViewModel.swift */,
			);
			path = ViewModel;
			sourceTree = "<group>";
		};
		B6A7C4412AA3966D00DE95D1 /* SerchView */ = {
			isa = PBXGroup;
			children = (
				B6A7C4482AA396B000DE95D1 /* ViewModel */,
				B6A7C4472AA396AC00DE95D1 /* Views */,
				B6A7C4462AA396A600DE95D1 /* Controller */,
			);
			path = SerchView;
			sourceTree = "<group>";
		};
		B6A7C4422AA3967500DE95D1 /* MovieListsView */ = {
			isa = PBXGroup;
			children = (
				B6A7C4452AA3969500DE95D1 /* ViewModel */,
				B6A7C4442AA3968E00DE95D1 /* Views */,
				B6A7C4432AA3968800DE95D1 /* Controller */,
			);
			path = MovieListsView;
			sourceTree = "<group>";
		};
		B6A7C4432AA3968800DE95D1 /* Controller */ = {
			isa = PBXGroup;
			children = (
				B67421452A9507C500380ABF /* MovieListsViewController.swift */,
			);
			path = Controller;
			sourceTree = "<group>";
		};
		B6A7C4442AA3968E00DE95D1 /* Views */ = {
			isa = PBXGroup;
			children = (
				B6711AEB2B2E52AC00171C4D /* Tags */,
				B6711AF22B2E54CA00171C4D /* MovieListsSectionTitle.swift */,
				B6711AF62B2E55CD00171C4D /* MoviesSectionTitle.swift */,
				B6711AF82B2E567F00171C4D /* DefaultCollectionViewCell.swift */,
				B6711AFA2B2E56E000171C4D /* MovieCollectionViewCell.swift */,
			);
			path = Views;
			sourceTree = "<group>";
		};
		B6A7C4452AA3969500DE95D1 /* ViewModel */ = {
			isa = PBXGroup;
			children = (
			);
			path = ViewModel;
			sourceTree = "<group>";
		};
		B6A7C4462AA396A600DE95D1 /* Controller */ = {
			isa = PBXGroup;
			children = (
				B67421432A9507AB00380ABF /* SearchViewController.swift */,
				B67BA2FC2B320C59000E2823 /* AdvancedSearchViewController.swift */,
			);
			path = Controller;
			sourceTree = "<group>";
		};
		B6A7C4472AA396AC00DE95D1 /* Views */ = {
			isa = PBXGroup;
			children = (
				B67BA2FA2B31EEDD000E2823 /* GenreCollectionViewCell.swift */,
				B67B21D22B362EE500D08D7B /* EmptyDataCollectionViewCell.swift */,
			);
			path = Views;
			sourceTree = "<group>";
		};
		B6A7C4482AA396B000DE95D1 /* ViewModel */ = {
			isa = PBXGroup;
			children = (
				B66E25082B34DA3A00D3DA71 /* SearchViewModel.swift */,
			);
			path = ViewModel;
			sourceTree = "<group>";
		};
		B6A7C4492AA396CC00DE95D1 /* SharedViews */ = {
			isa = PBXGroup;
			children = (
				B6EF89442A89623F00CA5C44 /* LaunchScreen.storyboard */,
				B67F32532A9766BD00C82501 /* TitleSupplementaryView.swift */,
				B6711AF42B2E555C00171C4D /* CustomTextField.swift */,
			);
			path = SharedViews;
			sourceTree = "<group>";
		};
		B6EF892D2A89623A00CA5C44 = {
			isa = PBXGroup;
			children = (
				B6EF89382A89623A00CA5C44 /* MoviesApp */,
				B6EF89372A89623A00CA5C44 /* Products */,
			);
			sourceTree = "<group>";
		};
		B6EF89372A89623A00CA5C44 /* Products */ = {
			isa = PBXGroup;
			children = (
				B6EF89362A89623A00CA5C44 /* MoviesApp.app */,
			);
			name = Products;
			sourceTree = "<group>";
		};
		B6EF89382A89623A00CA5C44 /* MoviesApp */ = {
			isa = PBXGroup;
			children = (
				B6A7C4382AA395A200DE95D1 /* TapBar */,
				B6A7C43D2AA3962000DE95D1 /* MainView */,
				B6A7C4422AA3967500DE95D1 /* MovieListsView */,
				B6A7C4412AA3966D00DE95D1 /* SerchView */,
				B6A7C4392AA395B200DE95D1 /* DetailView */,
				B6A7C4492AA396CC00DE95D1 /* SharedViews */,
				B623AE6F2A967DF8007440A3 /* Utilities */,
				B679E0D82A95010100452F89 /* Models */,
				B679E0D72A94FFE800452F89 /* Resources */,
				B679E0D92A95010A00452F89 /* Managers */,
				B6EF89472A89623F00CA5C44 /* Info.plist */,
				B6B848E02AA4B605001BDA97 /* MoviesApp.xcdatamodeld */,
			);
			path = MoviesApp;
			sourceTree = "<group>";
		};
/* End PBXGroup section */

/* Begin PBXNativeTarget section */
		B6EF89352A89623A00CA5C44 /* MoviesApp */ = {
			isa = PBXNativeTarget;
			buildConfigurationList = B6EF894A2A89623F00CA5C44 /* Build configuration list for PBXNativeTarget "MoviesApp" */;
			buildPhases = (
				B6EF89322A89623A00CA5C44 /* Sources */,
				B6EF89332A89623A00CA5C44 /* Frameworks */,
				B6EF89342A89623A00CA5C44 /* Resources */,
			);
			buildRules = (
			);
			dependencies = (
			);
			name = MoviesApp;
			packageProductDependencies = (
				B66571952A9E248700CDFF2E /* SnapKit-Dynamic */,
				B683FEE72B2E4CD9003BA08A /* RxCocoa */,
				B683FEE92B2E4CD9003BA08A /* RxRelay */,
				B683FEEB2B2E4CD9003BA08A /* RxSwift */,
				B69F814C2B2F93B7003BCBDF /* RxGesture */,
			);
			productName = MoviesApp;
			productReference = B6EF89362A89623A00CA5C44 /* MoviesApp.app */;
			productType = "com.apple.product-type.application";
		};
/* End PBXNativeTarget section */

/* Begin PBXProject section */
		B6EF892E2A89623A00CA5C44 /* Project object */ = {
			isa = PBXProject;
			attributes = {
				BuildIndependentTargetsInParallel = 1;
				LastSwiftUpdateCheck = 1420;
				LastUpgradeCheck = 1420;
				TargetAttributes = {
					B6EF89352A89623A00CA5C44 = {
						CreatedOnToolsVersion = 14.2;
					};
				};
			};
			buildConfigurationList = B6EF89312A89623A00CA5C44 /* Build configuration list for PBXProject "MoviesApp" */;
			compatibilityVersion = "Xcode 14.0";
			developmentRegion = en;
			hasScannedForEncodings = 0;
			knownRegions = (
				en,
				Base,
			);
			mainGroup = B6EF892D2A89623A00CA5C44;
			packageReferences = (
				B66571942A9E248700CDFF2E /* XCRemoteSwiftPackageReference "SnapKit" */,
				B683FEE62B2E4CD9003BA08A /* XCRemoteSwiftPackageReference "RxSwift" */,
				B69F814B2B2F93B7003BCBDF /* XCRemoteSwiftPackageReference "RxGesture" */,
			);
			productRefGroup = B6EF89372A89623A00CA5C44 /* Products */;
			projectDirPath = "";
			projectRoot = "";
			targets = (
				B6EF89352A89623A00CA5C44 /* MoviesApp */,
			);
		};
/* End PBXProject section */

/* Begin PBXResourcesBuildPhase section */
		B6EF89342A89623A00CA5C44 /* Resources */ = {
			isa = PBXResourcesBuildPhase;
			buildActionMask = 2147483647;
			files = (
				B6EF89462A89623F00CA5C44 /* LaunchScreen.storyboard in Resources */,
				B6EF89432A89623F00CA5C44 /* Assets.xcassets in Resources */,
			);
			runOnlyForDeploymentPostprocessing = 0;
		};
/* End PBXResourcesBuildPhase section */

/* Begin PBXSourcesBuildPhase section */
		B6EF89322A89623A00CA5C44 /* Sources */ = {
			isa = PBXSourcesBuildPhase;
			buildActionMask = 2147483647;
			files = (
				B67EB18B2B3991B500D1EE82 /* SearchMovieModel.swift in Sources */,
				B6711AFD2B2E586B00171C4D /* UIImage+Extension.swift in Sources */,
				B6711AEF2B2E533800171C4D /* TagFlowLayout.swift in Sources */,
				B67421442A9507AB00380ABF /* SearchViewController.swift in Sources */,
				B680D9102A9BE3F000F95797 /* TrailerCollectionViewCell.swift in Sources */,
				B680D90A2A9B9A2800F95797 /* DetailCollectionViewCell.swift in Sources */,
				B680D90C2A9BE3D000F95797 /* OverviewCollectionViewCell.swift in Sources */,
				B67B21D52B37255B00D08D7B /* PrimaryLanguage.swift in Sources */,
				B674214F2A95336B00380ABF /* MainCollectionViewCell.swift in Sources */,
				B680D9062A9B97F400F95797 /* MovieReviewsModel.swift in Sources */,
				B679E0DE2A95036B00452F89 /* TabBarViewController.swift in Sources */,
				B67FCFB32A9D1FF300C56823 /* DetailViewModel.swift in Sources */,
				B69F814F2B2F942A003BCBDF /* UIView+Extension.swift in Sources */,
				B67A80882B2B0A4C00D95358 /* MovieList+CoreDataClass.swift in Sources */,
				B680D9142A9BE67100F95797 /* MovieCastModel.swift in Sources */,
				B6EF893E2A89623A00CA5C44 /* MainViewController.swift in Sources */,
				B68614CC2A98FC710074F3F4 /* CacheManager.swift in Sources */,
				B60D7AC42AA27A2700E9114F /* GlobalConstants.swift in Sources */,
				B6711AF52B2E555C00171C4D /* CustomTextField.swift in Sources */,
				B677B5432B30A6D800672B11 /* UIWindow+Extension.swift in Sources */,
				B67B21D72B372DC900D08D7B /* Decade.swift in Sources */,
				B69F81482B2F91B1003BCBDF /* CustomItemView.swift in Sources */,
				B674214B2A95246700380ABF /* NetworkManager.swift in Sources */,
				B623AE6E2A964215007440A3 /* MainViewModel.swift in Sources */,
				B674214D2A9524CC00380ABF /* MovieModel.swift in Sources */,
				B6EF893A2A89623A00CA5C44 /* AppDelegate.swift in Sources */,
				B6B848E22AA4B605001BDA97 /* MoviesApp.xcdatamodeld in Sources */,
				B677B5412B30A63E00672B11 /* TransitionManager.swift in Sources */,
				B6711AF92B2E567F00171C4D /* DefaultCollectionViewCell.swift in Sources */,
				B680D9042A9B97E600F95797 /* MovieTrailersModel.swift in Sources */,
				B6760E7B2AA4F5C500C3554D /* Movie+CoreDataClass.swift in Sources */,
				B6711AF32B2E54CA00171C4D /* MovieListsSectionTitle.swift in Sources */,
				B69F81462B2F91A6003BCBDF /* CustomTabItem.swift in Sources */,
				B6711AF12B2E537E00171C4D /* TagCollectionViewCell.swift in Sources */,
				B69F81442B2F7B9C003BCBDF /* PopUpWindow.swift in Sources */,
				B67F32542A9766BD00C82501 /* TitleSupplementaryView.swift in Sources */,
				B680D9122A9BE3FE00F95797 /* CommentCollectionViewCell.swift in Sources */,
				B69F814A2B2F91BD003BCBDF /* CustomTabBar.swift in Sources */,
				B651764A2B35B318005F2DFE /* Genre.swift in Sources */,
				B67A80892B2B0A4C00D95358 /* MovieList+CoreDataProperties.swift in Sources */,
				B63E301A2A9A93D500CB1458 /* ExtendedMovieModel.swift in Sources */,
				B6760E7C2AA4F5C500C3554D /* Movie+CoreDataProperties.swift in Sources */,
				B69F81422B2F7771003BCBDF /* ListTableViewCell.swift in Sources */,
				B67421462A9507C500380ABF /* MovieListsViewController.swift in Sources */,
				B6711AFB2B2E56E000171C4D /* MovieCollectionViewCell.swift in Sources */,
				B680D90E2A9BE3DE00F95797 /* CastCollectionViewCell.swift in Sources */,
				B67BA2FB2B31EEDD000E2823 /* GenreCollectionViewCell.swift in Sources */,
				B69F81402B2F76F2003BCBDF /* ListsViewController.swift in Sources */,
				B67BA2FD2B320C59000E2823 /* AdvancedSearchViewController.swift in Sources */,
				B6711AED2B2E52D100171C4D /* MovieListsContainerCell.swift in Sources */,
				B6EF893C2A89623A00CA5C44 /* SceneDelegate.swift in Sources */,
				B67B21D32B362EE500D08D7B /* EmptyDataCollectionViewCell.swift in Sources */,
				B6711AF72B2E55CD00171C4D /* MoviesSectionTitle.swift in Sources */,
				B66E25092B34DA3A00D3DA71 /* SearchViewModel.swift in Sources */,
				B6760E7F2AA4FE0F00C3554D /* CoreDataManager.swift in Sources */,
				B63E30182A9A7FED00CB1458 /* DetailViewController.swift in Sources */,
			);
			runOnlyForDeploymentPostprocessing = 0;
		};
/* End PBXSourcesBuildPhase section */

/* Begin PBXVariantGroup section */
		B6EF89442A89623F00CA5C44 /* LaunchScreen.storyboard */ = {
			isa = PBXVariantGroup;
			children = (
				B6EF89452A89623F00CA5C44 /* Base */,
			);
			name = LaunchScreen.storyboard;
			sourceTree = "<group>";
		};
/* End PBXVariantGroup section */

/* Begin XCBuildConfiguration section */
		B6EF89482A89623F00CA5C44 /* Debug */ = {
			isa = XCBuildConfiguration;
			buildSettings = {
				ALWAYS_SEARCH_USER_PATHS = NO;
				CLANG_ANALYZER_NONNULL = YES;
				CLANG_ANALYZER_NUMBER_OBJECT_CONVERSION = YES_AGGRESSIVE;
				CLANG_CXX_LANGUAGE_STANDARD = "gnu++20";
				CLANG_ENABLE_MODULES = YES;
				CLANG_ENABLE_OBJC_ARC = YES;
				CLANG_ENABLE_OBJC_WEAK = YES;
				CLANG_WARN_BLOCK_CAPTURE_AUTORELEASING = YES;
				CLANG_WARN_BOOL_CONVERSION = YES;
				CLANG_WARN_COMMA = YES;
				CLANG_WARN_CONSTANT_CONVERSION = YES;
				CLANG_WARN_DEPRECATED_OBJC_IMPLEMENTATIONS = YES;
				CLANG_WARN_DIRECT_OBJC_ISA_USAGE = YES_ERROR;
				CLANG_WARN_DOCUMENTATION_COMMENTS = YES;
				CLANG_WARN_EMPTY_BODY = YES;
				CLANG_WARN_ENUM_CONVERSION = YES;
				CLANG_WARN_INFINITE_RECURSION = YES;
				CLANG_WARN_INT_CONVERSION = YES;
				CLANG_WARN_NON_LITERAL_NULL_CONVERSION = YES;
				CLANG_WARN_OBJC_IMPLICIT_RETAIN_SELF = YES;
				CLANG_WARN_OBJC_LITERAL_CONVERSION = YES;
				CLANG_WARN_OBJC_ROOT_CLASS = YES_ERROR;
				CLANG_WARN_QUOTED_INCLUDE_IN_FRAMEWORK_HEADER = YES;
				CLANG_WARN_RANGE_LOOP_ANALYSIS = YES;
				CLANG_WARN_STRICT_PROTOTYPES = YES;
				CLANG_WARN_SUSPICIOUS_MOVE = YES;
				CLANG_WARN_UNGUARDED_AVAILABILITY = YES_AGGRESSIVE;
				CLANG_WARN_UNREACHABLE_CODE = YES;
				CLANG_WARN__DUPLICATE_METHOD_MATCH = YES;
				COPY_PHASE_STRIP = NO;
				DEBUG_INFORMATION_FORMAT = dwarf;
				ENABLE_STRICT_OBJC_MSGSEND = YES;
				ENABLE_TESTABILITY = YES;
				GCC_C_LANGUAGE_STANDARD = gnu11;
				GCC_DYNAMIC_NO_PIC = NO;
				GCC_NO_COMMON_BLOCKS = YES;
				GCC_OPTIMIZATION_LEVEL = 0;
				GCC_PREPROCESSOR_DEFINITIONS = (
					"DEBUG=1",
					"$(inherited)",
				);
				GCC_WARN_64_TO_32_BIT_CONVERSION = YES;
				GCC_WARN_ABOUT_RETURN_TYPE = YES_ERROR;
				GCC_WARN_UNDECLARED_SELECTOR = YES;
				GCC_WARN_UNINITIALIZED_AUTOS = YES_AGGRESSIVE;
				GCC_WARN_UNUSED_FUNCTION = YES;
				GCC_WARN_UNUSED_VARIABLE = YES;
				IPHONEOS_DEPLOYMENT_TARGET = 16.0;
				MTL_ENABLE_DEBUG_INFO = INCLUDE_SOURCE;
				MTL_FAST_MATH = YES;
				ONLY_ACTIVE_ARCH = YES;
				SDKROOT = iphoneos;
				SWIFT_ACTIVE_COMPILATION_CONDITIONS = DEBUG;
				SWIFT_OPTIMIZATION_LEVEL = "-Onone";
			};
			name = Debug;
		};
		B6EF89492A89623F00CA5C44 /* Release */ = {
			isa = XCBuildConfiguration;
			buildSettings = {
				ALWAYS_SEARCH_USER_PATHS = NO;
				CLANG_ANALYZER_NONNULL = YES;
				CLANG_ANALYZER_NUMBER_OBJECT_CONVERSION = YES_AGGRESSIVE;
				CLANG_CXX_LANGUAGE_STANDARD = "gnu++20";
				CLANG_ENABLE_MODULES = YES;
				CLANG_ENABLE_OBJC_ARC = YES;
				CLANG_ENABLE_OBJC_WEAK = YES;
				CLANG_WARN_BLOCK_CAPTURE_AUTORELEASING = YES;
				CLANG_WARN_BOOL_CONVERSION = YES;
				CLANG_WARN_COMMA = YES;
				CLANG_WARN_CONSTANT_CONVERSION = YES;
				CLANG_WARN_DEPRECATED_OBJC_IMPLEMENTATIONS = YES;
				CLANG_WARN_DIRECT_OBJC_ISA_USAGE = YES_ERROR;
				CLANG_WARN_DOCUMENTATION_COMMENTS = YES;
				CLANG_WARN_EMPTY_BODY = YES;
				CLANG_WARN_ENUM_CONVERSION = YES;
				CLANG_WARN_INFINITE_RECURSION = YES;
				CLANG_WARN_INT_CONVERSION = YES;
				CLANG_WARN_NON_LITERAL_NULL_CONVERSION = YES;
				CLANG_WARN_OBJC_IMPLICIT_RETAIN_SELF = YES;
				CLANG_WARN_OBJC_LITERAL_CONVERSION = YES;
				CLANG_WARN_OBJC_ROOT_CLASS = YES_ERROR;
				CLANG_WARN_QUOTED_INCLUDE_IN_FRAMEWORK_HEADER = YES;
				CLANG_WARN_RANGE_LOOP_ANALYSIS = YES;
				CLANG_WARN_STRICT_PROTOTYPES = YES;
				CLANG_WARN_SUSPICIOUS_MOVE = YES;
				CLANG_WARN_UNGUARDED_AVAILABILITY = YES_AGGRESSIVE;
				CLANG_WARN_UNREACHABLE_CODE = YES;
				CLANG_WARN__DUPLICATE_METHOD_MATCH = YES;
				COPY_PHASE_STRIP = NO;
				DEBUG_INFORMATION_FORMAT = "dwarf-with-dsym";
				ENABLE_NS_ASSERTIONS = NO;
				ENABLE_STRICT_OBJC_MSGSEND = YES;
				GCC_C_LANGUAGE_STANDARD = gnu11;
				GCC_NO_COMMON_BLOCKS = YES;
				GCC_WARN_64_TO_32_BIT_CONVERSION = YES;
				GCC_WARN_ABOUT_RETURN_TYPE = YES_ERROR;
				GCC_WARN_UNDECLARED_SELECTOR = YES;
				GCC_WARN_UNINITIALIZED_AUTOS = YES_AGGRESSIVE;
				GCC_WARN_UNUSED_FUNCTION = YES;
				GCC_WARN_UNUSED_VARIABLE = YES;
				IPHONEOS_DEPLOYMENT_TARGET = 16.0;
				MTL_ENABLE_DEBUG_INFO = NO;
				MTL_FAST_MATH = YES;
				SDKROOT = iphoneos;
				SWIFT_COMPILATION_MODE = wholemodule;
				SWIFT_OPTIMIZATION_LEVEL = "-O";
				VALIDATE_PRODUCT = YES;
			};
			name = Release;
		};
		B6EF894B2A89623F00CA5C44 /* Debug */ = {
			isa = XCBuildConfiguration;
			buildSettings = {
				ASSETCATALOG_COMPILER_APPICON_NAME = AppIcon;
				ASSETCATALOG_COMPILER_GLOBAL_ACCENT_COLOR_NAME = AccentColor;
				CODE_SIGN_STYLE = Automatic;
				CURRENT_PROJECT_VERSION = 1;
				GENERATE_INFOPLIST_FILE = YES;
				INFOPLIST_FILE = MoviesApp/Info.plist;
				INFOPLIST_KEY_UIApplicationSupportsIndirectInputEvents = YES;
				INFOPLIST_KEY_UILaunchStoryboardName = LaunchScreen;
				INFOPLIST_KEY_UIMainStoryboardFile = "";
				INFOPLIST_KEY_UISupportedInterfaceOrientations_iPad = "UIInterfaceOrientationPortrait UIInterfaceOrientationPortraitUpsideDown UIInterfaceOrientationLandscapeLeft UIInterfaceOrientationLandscapeRight";
				INFOPLIST_KEY_UISupportedInterfaceOrientations_iPhone = "UIInterfaceOrientationPortrait UIInterfaceOrientationLandscapeLeft UIInterfaceOrientationLandscapeRight";
				LD_RUNPATH_SEARCH_PATHS = (
					"$(inherited)",
					"@executable_path/Frameworks",
				);
				MARKETING_VERSION = 1.0;
				PRODUCT_BUNDLE_IDENTIFIER = a.MoviesApp;
				PRODUCT_NAME = "$(TARGET_NAME)";
				SWIFT_EMIT_LOC_STRINGS = YES;
				SWIFT_VERSION = 5.0;
				TARGETED_DEVICE_FAMILY = "1,2";
			};
			name = Debug;
		};
		B6EF894C2A89623F00CA5C44 /* Release */ = {
			isa = XCBuildConfiguration;
			buildSettings = {
				ASSETCATALOG_COMPILER_APPICON_NAME = AppIcon;
				ASSETCATALOG_COMPILER_GLOBAL_ACCENT_COLOR_NAME = AccentColor;
				CODE_SIGN_STYLE = Automatic;
				CURRENT_PROJECT_VERSION = 1;
				GENERATE_INFOPLIST_FILE = YES;
				INFOPLIST_FILE = MoviesApp/Info.plist;
				INFOPLIST_KEY_UIApplicationSupportsIndirectInputEvents = YES;
				INFOPLIST_KEY_UILaunchStoryboardName = LaunchScreen;
				INFOPLIST_KEY_UIMainStoryboardFile = "";
				INFOPLIST_KEY_UISupportedInterfaceOrientations_iPad = "UIInterfaceOrientationPortrait UIInterfaceOrientationPortraitUpsideDown UIInterfaceOrientationLandscapeLeft UIInterfaceOrientationLandscapeRight";
				INFOPLIST_KEY_UISupportedInterfaceOrientations_iPhone = "UIInterfaceOrientationPortrait UIInterfaceOrientationLandscapeLeft UIInterfaceOrientationLandscapeRight";
				LD_RUNPATH_SEARCH_PATHS = (
					"$(inherited)",
					"@executable_path/Frameworks",
				);
				MARKETING_VERSION = 1.0;
				PRODUCT_BUNDLE_IDENTIFIER = a.MoviesApp;
				PRODUCT_NAME = "$(TARGET_NAME)";
				SWIFT_EMIT_LOC_STRINGS = YES;
				SWIFT_VERSION = 5.0;
				TARGETED_DEVICE_FAMILY = "1,2";
			};
			name = Release;
		};
/* End XCBuildConfiguration section */

/* Begin XCConfigurationList section */
		B6EF89312A89623A00CA5C44 /* Build configuration list for PBXProject "MoviesApp" */ = {
			isa = XCConfigurationList;
			buildConfigurations = (
				B6EF89482A89623F00CA5C44 /* Debug */,
				B6EF89492A89623F00CA5C44 /* Release */,
			);
			defaultConfigurationIsVisible = 0;
			defaultConfigurationName = Release;
		};
		B6EF894A2A89623F00CA5C44 /* Build configuration list for PBXNativeTarget "MoviesApp" */ = {
			isa = XCConfigurationList;
			buildConfigurations = (
				B6EF894B2A89623F00CA5C44 /* Debug */,
				B6EF894C2A89623F00CA5C44 /* Release */,
			);
			defaultConfigurationIsVisible = 0;
			defaultConfigurationName = Release;
		};
/* End XCConfigurationList section */

/* Begin XCRemoteSwiftPackageReference section */
		B66571942A9E248700CDFF2E /* XCRemoteSwiftPackageReference "SnapKit" */ = {
			isa = XCRemoteSwiftPackageReference;
			repositoryURL = "https://github.com/SnapKit/SnapKit";
			requirement = {
				branch = develop;
				kind = branch;
			};
		};
		B683FEE62B2E4CD9003BA08A /* XCRemoteSwiftPackageReference "RxSwift" */ = {
			isa = XCRemoteSwiftPackageReference;
			repositoryURL = "https://github.com/ReactiveX/RxSwift";
			requirement = {
				branch = main;
				kind = branch;
			};
		};
		B69F814B2B2F93B7003BCBDF /* XCRemoteSwiftPackageReference "RxGesture" */ = {
			isa = XCRemoteSwiftPackageReference;
			repositoryURL = "https://github.com/RxSwiftCommunity/RxGesture";
			requirement = {
				branch = main;
				kind = branch;
			};
		};
/* End XCRemoteSwiftPackageReference section */

/* Begin XCSwiftPackageProductDependency section */
		B66571952A9E248700CDFF2E /* SnapKit-Dynamic */ = {
			isa = XCSwiftPackageProductDependency;
			package = B66571942A9E248700CDFF2E /* XCRemoteSwiftPackageReference "SnapKit" */;
			productName = "SnapKit-Dynamic";
		};
		B683FEE72B2E4CD9003BA08A /* RxCocoa */ = {
			isa = XCSwiftPackageProductDependency;
			package = B683FEE62B2E4CD9003BA08A /* XCRemoteSwiftPackageReference "RxSwift" */;
			productName = RxCocoa;
		};
		B683FEE92B2E4CD9003BA08A /* RxRelay */ = {
			isa = XCSwiftPackageProductDependency;
			package = B683FEE62B2E4CD9003BA08A /* XCRemoteSwiftPackageReference "RxSwift" */;
			productName = RxRelay;
		};
		B683FEEB2B2E4CD9003BA08A /* RxSwift */ = {
			isa = XCSwiftPackageProductDependency;
			package = B683FEE62B2E4CD9003BA08A /* XCRemoteSwiftPackageReference "RxSwift" */;
			productName = RxSwift;
		};
		B69F814C2B2F93B7003BCBDF /* RxGesture */ = {
			isa = XCSwiftPackageProductDependency;
			package = B69F814B2B2F93B7003BCBDF /* XCRemoteSwiftPackageReference "RxGesture" */;
			productName = RxGesture;
		};
/* End XCSwiftPackageProductDependency section */

/* Begin XCVersionGroup section */
		B6B848E02AA4B605001BDA97 /* MoviesApp.xcdatamodeld */ = {
			isa = XCVersionGroup;
			children = (
				B6B848E12AA4B605001BDA97 /* MoviesApp.xcdatamodel */,
			);
			currentVersion = B6B848E12AA4B605001BDA97 /* MoviesApp.xcdatamodel */;
			path = MoviesApp.xcdatamodeld;
			sourceTree = "<group>";
			versionGroupType = wrapper.xcdatamodel;
		};
/* End XCVersionGroup section */
	};
	rootObject = B6EF892E2A89623A00CA5C44 /* Project object */;
}
