{
  "pins" : [
    {
      "identity" : "rxgesture",
      "kind" : "remoteSourceControl",
      "location" : "https://github.com/RxSwiftCommunity/RxGesture",
      "state" : {
        "branch" : "main",
        "revision" : "e9f94dfd39efe5b2914ac9463d4193b9e340779c"
      }
    },
    {
      "identity" : "rxswift",
      "kind" : "remoteSourceControl",
      "location" : "https://github.com/ReactiveX/RxSwift",
      "state" : {
        "branch" : "main",
        "revision" : "551639293147e54fddced6f967a60d115818e18e"
      }
    },
    {
      "identity" : "snapkit",
      "kind" : "remoteSourceControl",
      "location" : "https://github.com/SnapKit/SnapKit",
      "state" : {
        "branch" : "develop",
        "revision" : "4d52cc3768ec5d345827b063dfa59e98a929965d"
      }
    }
  ],
  "version" : 2
}
